# This file is autogenerated, do not edit; changes may be undone by the next 'dep ensure'.


[[projects]]
  digest = "1:1156cfea0ff969858f6027df95c15ca5e802556b466aebeedaf53dde3b301db3"
  name = "github.com/allegro/bigcache"
  packages = [
    ".",
    "queue",
  ]
  pruneopts = "UT"
  revision = "f31987a23e44c5121ef8c8b2f2ea2e8ffa37b068"
  version = "v1.1.0"

[[projects]]
  branch = "master"
  digest = "1:7d191fd0c54ff370eaf6116a14dafe2a328df487baea280699f597aae858d00d"
  name = "github.com/aristanetworks/goarista"
  packages = ["monotime"]
  pruneopts = "UT"
  revision = "e17947f884f63c85799a86637524c213d798c7ec"

[[projects]]
  branch = "master"
  digest = "1:093bf93a65962e8191e3e8cd8fc6c363f83d43caca9739c906531ba7210a9904"
  name = "github.com/btcsuite/btcd"
  packages = ["btcec"]
  pruneopts = "UT"
  revision = "7d2daa5bfef28c5e282571bc06416516936115ee"

[[projects]]
  digest = "1:5f80f31b983ad0f7dc869fe1b5107e6dd5d39227ace0336e092f8511725dd928"
  name = "github.com/carlescere/scheduler"
  packages = ["."]
  pruneopts = "UT"
  revision = "ddcf6a6be3e8bd4b480f96031d9e1f3abecf2767"
  version = "0.1"

[[projects]]
  digest = "1:e47d51dab652d26c3fba6f8cba403f922d02757a82abdc77e90df7948daf296e"
  name = "github.com/deckarep/golang-set"
  packages = ["."]
  pruneopts = "UT"
  revision = "cbaa98ba5575e67703b32b4b19f73c91f3c4159e"
  version = "v1.7.1"

[[projects]]
  digest = "1:82c6357bc57f8417f993d490f6c07a9f0b5682ac68b1a64b93a189dece7c5bf5"
  name = "github.com/didip/tollbooth"
  packages = [
    ".",
    "errors",
    "libstring",
    "limiter",
  ]
  pruneopts = "UT"
  revision = "c95eaa3ddc98f635a91e218b48727fb2e06613ea"
  version = "v4.0.0"

[[projects]]
  digest = "1:cfa9e77b5f731b31b3444c1e2565dd7d8281b8e9b9222f954b46fae4411d904a"
  name = "github.com/ethereum/go-ethereum"
  packages = [
    ".",
    "accounts",
    "accounts/abi",
    "accounts/abi/bind",
    "accounts/keystore",
    "common",
    "common/hexutil",
    "common/math",
    "common/mclock",
    "common/prque",
    "core/types",
    "crypto",
    "crypto/secp256k1",
    "crypto/sha3",
    "ethclient",
    "ethdb",
    "event",
    "log",
    "metrics",
    "p2p/netutil",
    "params",
    "rlp",
    "rpc",
    "trie",
  ]
  pruneopts = "UT"
  revision = "dae82f098570e15d44584f0d7f350713f4774727"
  version = "v1.8.19"

[[projects]]
  digest = "1:574ef5df9f1af541be31a3b9dbeb79e029823dd1f6d0f7bc1174221b1dcf488e"
  name = "github.com/gemnasium/migrate"
  packages = [
    "driver",
    "driver/postgres",
    "file",
    "migrate",
    "migrate/direction",
    "pipe",
  ]
  pruneopts = "UT"
  revision = "603c58f2c1d0882d7d5b24791e6e5af5ab392e44"
  version = "v1.4.1"

[[projects]]
  digest = "1:a9fe0f8ff72c388d0128e88ce5f3c27d37dcd0950acd7cdb8323555f12463396"
  name = "github.com/go-chi/chi"
  packages = [
    ".",
    "middleware",
  ]
  pruneopts = "UT"
  revision = "b5294d10673813fac8558e7f47242bc9e61b4c25"
  version = "v3.3.3"

[[projects]]
  digest = "1:586ea76dbd0374d6fb649a91d70d652b7fe0ccffb8910a77468e7702e7901f3d"
  name = "github.com/go-stack/stack"
  packages = ["."]
  pruneopts = "UT"
  revision = "2fee6af1a9795aafbe0253a0cfbdf668e1fb8a9a"
  version = "v1.8.0"

[[projects]]
  digest = "1:2f99776ce3e90e6aa852cb6a92c551f5017142d897e34f832a0a1c08c6602949"
  name = "github.com/gocraft/dbr"
  packages = [
    ".",
    "dialect",
  ]
  pruneopts = "UT"
  revision = "042fe86dc2daa9684f746ab337971e84147e8856"
  version = "v2.4"

[[projects]]
  branch = "master"
  digest = "1:4a0c6bb4805508a6287675fac876be2ac1182539ca8a32468d8128882e9d5009"
  name = "github.com/golang/snappy"
  packages = ["."]
  pruneopts = "UT"
  revision = "2e65f85255dbc3072edf28d6b5b8efc472979f5a"

[[projects]]
  digest = "1:236d7e1bdb50d8f68559af37dbcf9d142d56b431c9b2176d41e2a009b664cda8"
  name = "github.com/google/uuid"
  packages = ["."]
  pruneopts = "UT"
  revision = "9b3b1e0f5f99ae461456d768e7d301a7acdaa2d8"
  version = "v1.1.0"

[[projects]]
  digest = "1:664d37ea261f0fc73dd17f4a1f5f46d01fbb0b0d75f6375af064824424109b7d"
  name = "github.com/gorilla/handlers"
  packages = ["."]
  pruneopts = "UT"
  revision = "7e0847f9db758cdebd26c149d0ae9d5d0b9c98ce"
  version = "v1.4.0"

[[projects]]
  digest = "1:ecd9aa82687cf31d1585d4ac61d0ba180e42e8a6182b85bd785fcca8dfeefc1b"
  name = "github.com/joho/godotenv"
  packages = ["."]
  pruneopts = "UT"
  revision = "23d116af351c84513e1946b527c88823e476be13"
  version = "v1.3.0"

[[projects]]
  digest = "1:8ef506fc2bb9ced9b151dafa592d4046063d744c646c1bbe801982ce87e4bc24"
  name = "github.com/lib/pq"
  packages = [
    ".",
    "oid",
  ]
  pruneopts = "UT"
  revision = "4ded0e9383f75c197b3a2aaa6d590ac52df6fd79"
  version = "v1.0.0"

[[projects]]
  digest = "1:808cdddf087fb64baeae67b8dfaee2069034d9704923a3cb8bd96a995421a625"
  name = "github.com/patrickmn/go-cache"
  packages = ["."]
  pruneopts = "UT"
  revision = "a3647f8e31d79543b2d0f0ae2fe5c379d72cedc0"
  version = "v2.1.0"

[[projects]]
  digest = "1:e5d0bd87abc2781d14e274807a470acd180f0499f8bf5bb18606e9ec22ad9de9"
  name = "github.com/pborman/uuid"
  packages = ["."]
  pruneopts = "UT"
  revision = "adf5a7427709b9deb95d29d3fa8a2bf9cfd388f1"
  version = "v1.2"

[[projects]]
  digest = "1:31d83d1b1c288073c91abadee3caec87de2a1fb5dbe589039264a802e67a26b8"
  name = "github.com/rjeczalik/notify"
  packages = ["."]
  pruneopts = "UT"
  revision = "69d839f37b13a8cb7a78366f7633a4071cb43be7"
  version = "v0.9.2"

[[projects]]
  digest = "1:b0c25f00bad20d783d259af2af8666969e2fc343fa0dc9efe52936bbd67fb758"
  name = "github.com/rs/cors"
  packages = ["."]
  pruneopts = "UT"
  revision = "9a47f48565a795472d43519dd49aac781f3034fb"
  version = "v1.6.0"

[[projects]]
  branch = "master"
  digest = "1:685fdfea42d825ebd39ee0994354b46c374cf2c2b2d97a41a8dee1807c6a9b62"
  name = "github.com/syndtr/goleveldb"
  packages = [
    "leveldb",
    "leveldb/cache",
    "leveldb/comparer",
    "leveldb/errors",
    "leveldb/filter",
    "leveldb/iterator",
    "leveldb/journal",
    "leveldb/memdb",
    "leveldb/opt",
    "leveldb/storage",
    "leveldb/table",
    "leveldb/util",
  ]
  pruneopts = "UT"
  revision = "b001fa50d6b27f3f0bb175a87d0cb55426d0a0ae"

[[projects]]
  branch = "master"
  digest = "1:647240fc604a7f9a20443958b0ec394d94a3d5b39c1d7fd560e0d1d53af6364b"
  name = "github.com/unrolled/secure"
  packages = ["."]
  pruneopts = "UT"
  revision = "4b6b7cf5160646fc0e8422d782fcf6bd4cbcaddf"

[[projects]]
  digest = "1:3c1a69cdae3501bf75e76d0d86dc6f2b0a7421bc205c0cb7b96b19eed464a34d"
  name = "go.uber.org/atomic"
  packages = ["."]
  pruneopts = "UT"
  revision = "1ea20fb1cbb1cc08cbd0d913a96dead89aa18289"
  version = "v1.3.2"

[[projects]]
  digest = "1:60bf2a5e347af463c42ed31a493d817f8a72f102543060ed992754e689805d1a"
  name = "go.uber.org/multierr"
  packages = ["."]
  pruneopts = "UT"
  revision = "3c4937480c32f4c13a875a1829af76c98ca3d40a"
  version = "v1.1.0"

[[projects]]
  digest = "1:c52caf7bd44f92e54627a31b85baf06a68333a196b3d8d241480a774733dcf8b"
  name = "go.uber.org/zap"
  packages = [
    ".",
    "buffer",
    "internal/bufferpool",
    "internal/color",
    "internal/exit",
    "zapcore",
  ]
  pruneopts = "UT"
  revision = "ff33455a0e382e8a81d14dd7c922020b6b5e7982"
  version = "v1.9.1"

[[projects]]
  branch = "master"
  digest = "1:dd658e9008df9e0bea1ddb2caa3df8250e5e42bf54dcb776ed5bef0496395549"
  name = "golang.org/x/crypto"
  packages = [
    "pbkdf2",
    "scrypt",
  ]
  pruneopts = "UT"
  revision = "505ab145d0a99da450461ae2c1a9f6cd10d1f447"

[[projects]]
  branch = "master"
  digest = "1:7427036b6d926b3d1fa0773771820735b35554a98296f1074df440ee30a97296"
  name = "golang.org/x/net"
  packages = ["websocket"]
  pruneopts = "UT"
  revision = "610586996380ceef02dd726cc09df7e00a3f8e56"

[[projects]]
  branch = "master"
  digest = "1:9399de11945e643d7131cf070736122b76800d92d57a80494bd9a4e73e6979f3"
  name = "golang.org/x/sys"
  packages = ["unix"]
  pruneopts = "UT"
  revision = "70b957f3b65e069b4930ea94e2721eefa0f8f695"

[[projects]]
  branch = "master"
  digest = "1:9fdc2b55e8e0fafe4b41884091e51e77344f7dc511c5acedcfd98200003bff90"
  name = "golang.org/x/time"
  packages = ["rate"]
  pruneopts = "UT"
  revision = "85acf8d2951cb2a3bde7632f9ff273ef0379bcbd"

[[projects]]
  branch = "v2"
  digest = "1:3d3f9391ab615be8655ae0d686a1564f3fec413979bb1aaf018bac1ec1bb1cc7"
  name = "gopkg.in/natefinch/npipe.v2"
  packages = ["."]
  pruneopts = "UT"
  revision = "c1b8fa8bdccecb0b8db834ee0b92fdbcfa606dd6"

[solve-meta]
  analyzer-name = "dep"
  analyzer-version = 1
  input-imports = [
    "github.com/carlescere/scheduler",
    "github.com/didip/tollbooth",
    "github.com/didip/tollbooth/limiter",
    "github.com/ethereum/go-ethereum",
    "github.com/ethereum/go-ethereum/accounts/abi",
    "github.com/ethereum/go-ethereum/accounts/abi/bind",
    "github.com/ethereum/go-ethereum/common",
    "github.com/ethereum/go-ethereum/common/hexutil",
    "github.com/ethereum/go-ethereum/core/types",
    "github.com/ethereum/go-ethereum/crypto",
    "github.com/ethereum/go-ethereum/ethclient",
    "github.com/ethereum/go-ethereum/event",
    "github.com/gemnasium/migrate/driver/postgres",
    "github.com/gemnasium/migrate/migrate",
    "github.com/go-chi/chi",
    "github.com/go-chi/chi/middleware",
    "github.com/gocraft/dbr",
    "github.com/gocraft/dbr/dialect",
    "github.com/gorilla/handlers",
    "github.com/joho/godotenv",
    "github.com/lib/pq",
    "github.com/rs/cors",
    "github.com/unrolled/secure",
    "go.uber.org/zap",
    "go.uber.org/zap/zapcore",
  ]
  solver-name = "gps-cdcl"
  solver-version = 1
